
Microsoft Visual Studio Solution File, Format Version 12.00
# Visual Studio Version 17
VisualStudioVersion = 17.6.33815.320
MinimumVisualStudioVersion = 10.0.40219.1
Project("{FAE04EC0-301F-11D3-BF4B-00C04F79EFBC}") = "SEGUROS.API", "SEGUROS.API\SEGUROS.API.csproj", "{D1C4B787-80E0-40F9-8666-03224B3D1E3E}"
EndProject
Project("{FAE04EC0-301F-11D3-BF4B-00C04F79EFBC}") = "SEGUROS.LIB", "SEGUROS.LIB\SEGUROS.LIB.csproj", "{DE7004D3-793A-4FB0-A8D0-4CE06C63A6E1}"
EndProject
Global
	GlobalSection(SolutionConfigurationPlatforms) = preSolution
		Debug|Any CPU = Debug|Any CPU
		Release|Any CPU = Release|Any CPU
	EndGlobalSection
	GlobalSection(ProjectConfigurationPlatforms) = postSolution
		{D1C4B787-80E0-40F9-8666-03224B3D1E3E}.Debug|Any CPU.ActiveCfg = Debug|Any CPU
		{D1C4B787-80E0-40F9-8666-03224B3D1E3E}.Debug|Any CPU.Build.0 = Debug|Any CPU
		{D1C4B787-80E0-40F9-8666-03224B3D1E3E}.Release|Any CPU.ActiveCfg = Release|Any CPU
		{D1C4B787-80E0-40F9-8666-03224B3D1E3E}.Release|Any CPU.Build.0 = Release|Any CPU
		{DE7004D3-793A-4FB0-A8D0-4CE06C63A6E1}.Debug|Any CPU.ActiveCfg = Debug|Any CPU
		{DE7004D3-793A-4FB0-A8D0-4CE06C63A6E1}.Debug|Any CPU.Build.0 = Debug|Any CPU
		{DE7004D3-793A-4FB0-A8D0-4CE06C63A6E1}.Release|Any CPU.ActiveCfg = Release|Any CPU
		{DE7004D3-793A-4FB0-A8D0-4CE06C63A6E1}.Release|Any CPU.Build.0 = Release|Any CPU
	EndGlobalSection
	GlobalSection(SolutionProperties) = preSolution
		HideSolutionNode = FALSE
	EndGlobalSection
	GlobalSection(ExtensibilityGlobals) = postSolution
		SolutionGuid = {DFB9D537-0013-4769-A073-847B2138B1F8}
	EndGlobalSection
EndGlobal
